{
  "originHash" : "30132daabf9a9e9df844c5ffa69d12f015caecbdace50279cf93a63a645ce82c",
  "pins" : [
    {
      "identity" : "ios_sdk",
      "kind" : "remoteSourceControl",
      "location" : "https://github.com/greathousesh/iOS_SDK.git",
      "state" : {
        "revision" : "e7f91b2201e0b64c44dd17593e336d131838da87",
        "version" : "0.0.16"
      }
    }
  ],
  "version" : 3
}
