{
  "originHash" : "30132daabf9a9e9df844c5ffa69d12f015caecbdace50279cf93a63a645ce82c",
  "pins" : [
    {
      "identity" : "ios_sdk",
      "kind" : "remoteSourceControl",
      "location" : "https://github.com/greathousesh/iOS_SDK.git",
      "state" : {
        "revision" : "2445792e670b52b0db4dfe0b5afc2456d99b0551",
        "version" : "0.0.20"
      }
    }
  ],
  "version" : 3
}
