{
  "originHash" : "30132daabf9a9e9df844c5ffa69d12f015caecbdace50279cf93a63a645ce82c",
  "pins" : [
    {
      "identity" : "ios_sdk",
      "kind" : "remoteSourceControl",
      "location" : "https://github.com/greathousesh/iOS_SDK.git",
      "state" : {
        "revision" : "352473a9404648ccdea78b8fbc662c6d9f2346a2",
        "version" : "0.0.18"
      }
    }
  ],
  "version" : 3
}
